# This file is automatically @generated by Wally.
# It is not intended for manual editing.
registry = "test"

[[package]]
name = "that-guynamedbrian/signal"
version = "1.1.0"
dependencies = [["worker", "that-guynamedbrian/worker@1.0.1"]]

[[package]]
name = "that-guynamedbrian/worker"
version = "1.0.1"
dependencies = []
